// !$*UTF8*$!
{
	archiveVersion = 1;
	classes = {
	};
	objectVersion = 77;
	objects = {

/* Begin PBXBuildFile section */
		9140FDEB2EA52AA500152B79 /* Assets.xcassets in Resources */ = {isa = PBXBuildFile; fileRef = 9140FDE72EA52AA500152B79 /* Assets.xcassets */; };
		9140FDEC2EA52AA500152B79 /* ContentView.swift in Sources */ = {isa = PBXBuildFile; fileRef = 9140FDE82EA52AA500152B79 /* ContentView.swift */; };
		9140FDED2EA52AA500152B79 /* TrackerSwiftUIApp.swift in Sources */ = {isa = PBXBuildFile; fileRef = 9140FDE92EA52AA500152B79 /* TrackerSwiftUIApp.swift */; };
		9140FDF22EA52B4F00152B79 /* Trackers.swift in Sources */ = {isa = PBXBuildFile; fileRef = 9140FDF12EA52B4F00152B79 /* Trackers.swift */; };
		91883E962ED8A1F9007DA803 /* AddTrackersView.swift in Sources */ = {isa = PBXBuildFile; fileRef = 91883E952ED8A1F9007DA803 /* AddTrackersView.swift */; };
		91883E9B2EDAD7C6007DA803 /* NewTrackerView.swift in Sources */ = {isa = PBXBuildFile; fileRef = 91883E9A2EDAD7C6007DA803 /* NewTrackerView.swift */; };
		91883EA02EDC466D007DA803 /* NewTrackerEmojiModel.swift in Sources */ = {isa = PBXBuildFile; fileRef = 91883E9F2EDC466D007DA803 /* NewTrackerEmojiModel.swift */; };
		91883EA22EDC51AC007DA803 /* NewTrackerColorModel.swift in Sources */ = {isa = PBXBuildFile; fileRef = 91883EA12EDC51AC007DA803 /* NewTrackerColorModel.swift */; };
		91883EA52EDC52D4007DA803 /* Extension.swift in Sources */ = {isa = PBXBuildFile; fileRef = 91883EA42EDC52D4007DA803 /* Extension.swift */; };
		91883EA72EDF304E007DA803 /* NewTrackerViewModel.swift in Sources */ = {isa = PBXBuildFile; fileRef = 91883EA62EDF304E007DA803 /* NewTrackerViewModel.swift */; };
		91BD3D292EE599E4006CB459 /* AddCategoryView.swift in Sources */ = {isa = PBXBuildFile; fileRef = 91BD3D282EE599E4006CB459 /* AddCategoryView.swift */; };
		91BD3D2F2EE5A593006CB459 /* NewCategoryView.swift in Sources */ = {isa = PBXBuildFile; fileRef = 91BD3D2E2EE5A593006CB459 /* NewCategoryView.swift */; };
		91BD3D312EE5A5DD006CB459 /* AddCategoryViewModel.swift in Sources */ = {isa = PBXBuildFile; fileRef = 91BD3D302EE5A5DD006CB459 /* AddCategoryViewModel.swift */; };
		91BD3D342EE5AAF5006CB459 /* CategoryModel.swift in Sources */ = {isa = PBXBuildFile; fileRef = 91BD3D332EE5AAF5006CB459 /* CategoryModel.swift */; };
		91BD3D362F03D2A3006CB459 /* NewCategoryViewModel.swift in Sources */ = {isa = PBXBuildFile; fileRef = 91BD3D352F03D2A3006CB459 /* NewCategoryViewModel.swift */; };
		91BD3D382F04086D006CB459 /* Builder.swift in Sources */ = {isa = PBXBuildFile; fileRef = 91BD3D372F04086D006CB459 /* Builder.swift */; };
		91BD3D3D2F0901A8006CB459 /* ScheduleView.swift in Sources */ = {isa = PBXBuildFile; fileRef = 91BD3D3C2F0901A8006CB459 /* ScheduleView.swift */; };
		91BD3D3F2F0901B3006CB459 /* ScheduleViewModel.swift in Sources */ = {isa = PBXBuildFile; fileRef = 91BD3D3E2F0901B3006CB459 /* ScheduleViewModel.swift */; };
		91BD3D422F090D0B006CB459 /* ScheduleWeekDay.swift in Sources */ = {isa = PBXBuildFile; fileRef = 91BD3D412F090D0B006CB459 /* ScheduleWeekDay.swift */; };
/* End PBXBuildFile section */

/* Begin PBXFileReference section */
		9140FDCA2E9BBEA800152B79 /* TrackerSwiftUI.app */ = {isa = PBXFileReference; explicitFileType = wrapper.application; includeInIndex = 0; path = TrackerSwiftUI.app; sourceTree = BUILT_PRODUCTS_DIR; };
		9140FDE72EA52AA500152B79 /* Assets.xcassets */ = {isa = PBXFileReference; lastKnownFileType = folder.assetcatalog; path = Assets.xcassets; sourceTree = "<group>"; };
		9140FDE82EA52AA500152B79 /* ContentView.swift */ = {isa = PBXFileReference; lastKnownFileType = sourcecode.swift; path = ContentView.swift; sourceTree = "<group>"; };
		9140FDE92EA52AA500152B79 /* TrackerSwiftUIApp.swift */ = {isa = PBXFileReference; lastKnownFileType = sourcecode.swift; path = TrackerSwiftUIApp.swift; sourceTree = "<group>"; };
		9140FDF12EA52B4F00152B79 /* Trackers.swift */ = {isa = PBXFileReference; lastKnownFileType = sourcecode.swift; path = Trackers.swift; sourceTree = "<group>"; };
		91883E952ED8A1F9007DA803 /* AddTrackersView.swift */ = {isa = PBXFileReference; lastKnownFileType = sourcecode.swift; path = AddTrackersView.swift; sourceTree = "<group>"; };
		91883E9A2EDAD7C6007DA803 /* NewTrackerView.swift */ = {isa = PBXFileReference; lastKnownFileType = sourcecode.swift; path = NewTrackerView.swift; sourceTree = "<group>"; };
		91883E9F2EDC466D007DA803 /* NewTrackerEmojiModel.swift */ = {isa = PBXFileReference; lastKnownFileType = sourcecode.swift; path = NewTrackerEmojiModel.swift; sourceTree = "<group>"; };
		91883EA12EDC51AC007DA803 /* NewTrackerColorModel.swift */ = {isa = PBXFileReference; lastKnownFileType = sourcecode.swift; path = NewTrackerColorModel.swift; sourceTree = "<group>"; };
		91883EA42EDC52D4007DA803 /* Extension.swift */ = {isa = PBXFileReference; lastKnownFileType = sourcecode.swift; path = Extension.swift; sourceTree = "<group>"; };
		91883EA62EDF304E007DA803 /* NewTrackerViewModel.swift */ = {isa = PBXFileReference; lastKnownFileType = sourcecode.swift; path = NewTrackerViewModel.swift; sourceTree = "<group>"; };
		91BD3D282EE599E4006CB459 /* AddCategoryView.swift */ = {isa = PBXFileReference; lastKnownFileType = sourcecode.swift; path = AddCategoryView.swift; sourceTree = "<group>"; };
		91BD3D2E2EE5A593006CB459 /* NewCategoryView.swift */ = {isa = PBXFileReference; lastKnownFileType = sourcecode.swift; path = NewCategoryView.swift; sourceTree = "<group>"; };
		91BD3D302EE5A5DD006CB459 /* AddCategoryViewModel.swift */ = {isa = PBXFileReference; lastKnownFileType = sourcecode.swift; path = AddCategoryViewModel.swift; sourceTree = "<group>"; };
		91BD3D332EE5AAF5006CB459 /* CategoryModel.swift */ = {isa = PBXFileReference; lastKnownFileType = sourcecode.swift; path = CategoryModel.swift; sourceTree = "<group>"; };
		91BD3D352F03D2A3006CB459 /* NewCategoryViewModel.swift */ = {isa = PBXFileReference; lastKnownFileType = sourcecode.swift; path = NewCategoryViewModel.swift; sourceTree = "<group>"; };
		91BD3D372F04086D006CB459 /* Builder.swift */ = {isa = PBXFileReference; lastKnownFileType = sourcecode.swift; path = Builder.swift; sourceTree = "<group>"; };
		91BD3D3C2F0901A8006CB459 /* ScheduleView.swift */ = {isa = PBXFileReference; lastKnownFileType = sourcecode.swift; path = ScheduleView.swift; sourceTree = "<group>"; };
		91BD3D3E2F0901B3006CB459 /* ScheduleViewModel.swift */ = {isa = PBXFileReference; lastKnownFileType = sourcecode.swift; path = ScheduleViewModel.swift; sourceTree = "<group>"; };
		91BD3D412F090D0B006CB459 /* ScheduleWeekDay.swift */ = {isa = PBXFileReference; lastKnownFileType = sourcecode.swift; path = ScheduleWeekDay.swift; sourceTree = "<group>"; };
/* End PBXFileReference section */

/* Begin PBXFrameworksBuildPhase section */
		9140FDC72E9BBEA800152B79 /* Frameworks */ = {
			isa = PBXFrameworksBuildPhase;
			buildActionMask = 2147483647;
			files = (
			);
			runOnlyForDeploymentPostprocessing = 0;
		};
/* End PBXFrameworksBuildPhase section */

/* Begin PBXGroup section */
		9140FDC12E9BBEA800152B79 = {
			isa = PBXGroup;
			children = (
				9140FDEA2EA52AA500152B79 /* TrackerSwiftUI */,
				9140FDCB2E9BBEA800152B79 /* Products */,
			);
			sourceTree = "<group>";
		};
		9140FDCB2E9BBEA800152B79 /* Products */ = {
			isa = PBXGroup;
			children = (
				9140FDCA2E9BBEA800152B79 /* TrackerSwiftUI.app */,
			);
			name = Products;
			sourceTree = "<group>";
		};
		9140FDE62EA52AA500152B79 /* Views */ = {
			isa = PBXGroup;
			children = (
				9140FDE82EA52AA500152B79 /* ContentView.swift */,
				9140FDEE2EA52AD300152B79 /* Trackers */,
				91883E942ED8A1D3007DA803 /* AddTrackers */,
				91883E992EDAD741007DA803 /* NewTrackerView */,
				91BD3D262EE599AB006CB459 /* AddCategory */,
				91BD3D272EE599C0006CB459 /* NewCategory */,
				91BD3D392F09017B006CB459 /* Schedule */,
			);
			path = Views;
			sourceTree = "<group>";
		};
		9140FDEA2EA52AA500152B79 /* TrackerSwiftUI */ = {
			isa = PBXGroup;
			children = (
				9140FDE72EA52AA500152B79 /* Assets.xcassets */,
				9140FDE92EA52AA500152B79 /* TrackerSwiftUIApp.swift */,
				9140FDE62EA52AA500152B79 /* Views */,
				91883EA32EDC52B0007DA803 /* Helpers */,
			);
			path = TrackerSwiftUI;
			sourceTree = "<group>";
		};
		9140FDEE2EA52AD300152B79 /* Trackers */ = {
			isa = PBXGroup;
			children = (
				91883E972ED8A9A4007DA803 /* View */,
				91883E982ED8A9AD007DA803 /* ViewModel */,
			);
			path = Trackers;
			sourceTree = "<group>";
		};
		91883E942ED8A1D3007DA803 /* AddTrackers */ = {
			isa = PBXGroup;
			children = (
				91883E952ED8A1F9007DA803 /* AddTrackersView.swift */,
			);
			path = AddTrackers;
			sourceTree = "<group>";
		};
		91883E972ED8A9A4007DA803 /* View */ = {
			isa = PBXGroup;
			children = (
				9140FDF12EA52B4F00152B79 /* Trackers.swift */,
			);
			path = View;
			sourceTree = "<group>";
		};
		91883E982ED8A9AD007DA803 /* ViewModel */ = {
			isa = PBXGroup;
			children = (
			);
			path = ViewModel;
			sourceTree = "<group>";
		};
		91883E992EDAD741007DA803 /* NewTrackerView */ = {
			isa = PBXGroup;
			children = (
				91883E9C2EDC460B007DA803 /* Model */,
				91883E9D2EDC4617007DA803 /* View */,
				91883E9E2EDC461D007DA803 /* ViewModel */,
			);
			path = NewTrackerView;
			sourceTree = "<group>";
		};
		91883E9C2EDC460B007DA803 /* Model */ = {
			isa = PBXGroup;
			children = (
				91883E9F2EDC466D007DA803 /* NewTrackerEmojiModel.swift */,
				91883EA12EDC51AC007DA803 /* NewTrackerColorModel.swift */,
			);
			path = Model;
			sourceTree = "<group>";
		};
		91883E9D2EDC4617007DA803 /* View */ = {
			isa = PBXGroup;
			children = (
				91883E9A2EDAD7C6007DA803 /* NewTrackerView.swift */,
			);
			path = View;
			sourceTree = "<group>";
		};
		91883E9E2EDC461D007DA803 /* ViewModel */ = {
			isa = PBXGroup;
			children = (
				91883EA62EDF304E007DA803 /* NewTrackerViewModel.swift */,
			);
			path = ViewModel;
			sourceTree = "<group>";
		};
		91883EA32EDC52B0007DA803 /* Helpers */ = {
			isa = PBXGroup;
			children = (
				91883EA42EDC52D4007DA803 /* Extension.swift */,
				91BD3D372F04086D006CB459 /* Builder.swift */,
			);
			path = Helpers;
			sourceTree = "<group>";
		};
		91BD3D262EE599AB006CB459 /* AddCategory */ = {
			isa = PBXGroup;
			children = (
				91BD3D322EE5AAAB006CB459 /* Model */,
				91BD3D2B2EE59A00006CB459 /* ViewModel */,
				91BD3D2A2EE599F9006CB459 /* View */,
			);
			path = AddCategory;
			sourceTree = "<group>";
		};
		91BD3D272EE599C0006CB459 /* NewCategory */ = {
			isa = PBXGroup;
			children = (
				91BD3D2C2EE5A56C006CB459 /* ViewModel */,
				91BD3D2D2EE5A576006CB459 /* View */,
			);
			path = NewCategory;
			sourceTree = "<group>";
		};
		91BD3D2A2EE599F9006CB459 /* View */ = {
			isa = PBXGroup;
			children = (
				91BD3D282EE599E4006CB459 /* AddCategoryView.swift */,
			);
			path = View;
			sourceTree = "<group>";
		};
		91BD3D2B2EE59A00006CB459 /* ViewModel */ = {
			isa = PBXGroup;
			children = (
				91BD3D302EE5A5DD006CB459 /* AddCategoryViewModel.swift */,
			);
			path = ViewModel;
			sourceTree = "<group>";
		};
		91BD3D2C2EE5A56C006CB459 /* ViewModel */ = {
			isa = PBXGroup;
			children = (
				91BD3D352F03D2A3006CB459 /* NewCategoryViewModel.swift */,
			);
			path = ViewModel;
			sourceTree = "<group>";
		};
		91BD3D2D2EE5A576006CB459 /* View */ = {
			isa = PBXGroup;
			children = (
				91BD3D2E2EE5A593006CB459 /* NewCategoryView.swift */,
			);
			path = View;
			sourceTree = "<group>";
		};
		91BD3D322EE5AAAB006CB459 /* Model */ = {
			isa = PBXGroup;
			children = (
				91BD3D332EE5AAF5006CB459 /* CategoryModel.swift */,
			);
			path = Model;
			sourceTree = "<group>";
		};
		91BD3D392F09017B006CB459 /* Schedule */ = {
			isa = PBXGroup;
			children = (
				91BD3D402F090CBD006CB459 /* Model */,
				91BD3D3A2F090188006CB459 /* View */,
				91BD3D3B2F09018D006CB459 /* ViewModel */,
			);
			path = Schedule;
			sourceTree = "<group>";
		};
		91BD3D3A2F090188006CB459 /* View */ = {
			isa = PBXGroup;
			children = (
				91BD3D3C2F0901A8006CB459 /* ScheduleView.swift */,
			);
			path = View;
			sourceTree = "<group>";
		};
		91BD3D3B2F09018D006CB459 /* ViewModel */ = {
			isa = PBXGroup;
			children = (
				91BD3D3E2F0901B3006CB459 /* ScheduleViewModel.swift */,
			);
			path = ViewModel;
			sourceTree = "<group>";
		};
		91BD3D402F090CBD006CB459 /* Model */ = {
			isa = PBXGroup;
			children = (
				91BD3D412F090D0B006CB459 /* ScheduleWeekDay.swift */,
			);
			path = Model;
			sourceTree = "<group>";
		};
/* End PBXGroup section */

/* Begin PBXNativeTarget section */
		9140FDC92E9BBEA800152B79 /* TrackerSwiftUI */ = {
			isa = PBXNativeTarget;
			buildConfigurationList = 9140FDD52E9BBEA900152B79 /* Build configuration list for PBXNativeTarget "TrackerSwiftUI" */;
			buildPhases = (
				9140FDC62E9BBEA800152B79 /* Sources */,
				9140FDC72E9BBEA800152B79 /* Frameworks */,
				9140FDC82E9BBEA800152B79 /* Resources */,
			);
			buildRules = (
			);
			dependencies = (
			);
			name = TrackerSwiftUI;
			packageProductDependencies = (
			);
			productName = TrackerSwiftUI;
			productReference = 9140FDCA2E9BBEA800152B79 /* TrackerSwiftUI.app */;
			productType = "com.apple.product-type.application";
		};
/* End PBXNativeTarget section */

/* Begin PBXProject section */
		9140FDC22E9BBEA800152B79 /* Project object */ = {
			isa = PBXProject;
			attributes = {
				BuildIndependentTargetsInParallel = 1;
				LastSwiftUpdateCheck = 2600;
				LastUpgradeCheck = 2600;
				TargetAttributes = {
					9140FDC92E9BBEA800152B79 = {
						CreatedOnToolsVersion = 26.0;
					};
				};
			};
			buildConfigurationList = 9140FDC52E9BBEA800152B79 /* Build configuration list for PBXProject "TrackerSwiftUI" */;
			developmentRegion = en;
			hasScannedForEncodings = 0;
			knownRegions = (
				en,
				Base,
			);
			mainGroup = 9140FDC12E9BBEA800152B79;
			minimizedProjectReferenceProxies = 1;
			preferredProjectObjectVersion = 77;
			productRefGroup = 9140FDCB2E9BBEA800152B79 /* Products */;
			projectDirPath = "";
			projectRoot = "";
			targets = (
				9140FDC92E9BBEA800152B79 /* TrackerSwiftUI */,
			);
		};
/* End PBXProject section */

/* Begin PBXResourcesBuildPhase section */
		9140FDC82E9BBEA800152B79 /* Resources */ = {
			isa = PBXResourcesBuildPhase;
			buildActionMask = 2147483647;
			files = (
				9140FDEB2EA52AA500152B79 /* Assets.xcassets in Resources */,
			);
			runOnlyForDeploymentPostprocessing = 0;
		};
/* End PBXResourcesBuildPhase section */

/* Begin PBXSourcesBuildPhase section */
		9140FDC62E9BBEA800152B79 /* Sources */ = {
			isa = PBXSourcesBuildPhase;
			buildActionMask = 2147483647;
			files = (
				91BD3D342EE5AAF5006CB459 /* CategoryModel.swift in Sources */,
				91BD3D312EE5A5DD006CB459 /* AddCategoryViewModel.swift in Sources */,
				91883EA72EDF304E007DA803 /* NewTrackerViewModel.swift in Sources */,
				91883EA02EDC466D007DA803 /* NewTrackerEmojiModel.swift in Sources */,
				91883EA22EDC51AC007DA803 /* NewTrackerColorModel.swift in Sources */,
				91BD3D3F2F0901B3006CB459 /* ScheduleViewModel.swift in Sources */,
				91BD3D3D2F0901A8006CB459 /* ScheduleView.swift in Sources */,
				9140FDEC2EA52AA500152B79 /* ContentView.swift in Sources */,
				9140FDF22EA52B4F00152B79 /* Trackers.swift in Sources */,
				91BD3D362F03D2A3006CB459 /* NewCategoryViewModel.swift in Sources */,
				91883E9B2EDAD7C6007DA803 /* NewTrackerView.swift in Sources */,
				9140FDED2EA52AA500152B79 /* TrackerSwiftUIApp.swift in Sources */,
				91883E962ED8A1F9007DA803 /* AddTrackersView.swift in Sources */,
				91BD3D292EE599E4006CB459 /* AddCategoryView.swift in Sources */,
				91BD3D2F2EE5A593006CB459 /* NewCategoryView.swift in Sources */,
				91BD3D422F090D0B006CB459 /* ScheduleWeekDay.swift in Sources */,
				91883EA52EDC52D4007DA803 /* Extension.swift in Sources */,
				91BD3D382F04086D006CB459 /* Builder.swift in Sources */,
			);
			runOnlyForDeploymentPostprocessing = 0;
		};
/* End PBXSourcesBuildPhase section */

/* Begin XCBuildConfiguration section */
		9140FDD32E9BBEA900152B79 /* Debug */ = {
			isa = XCBuildConfiguration;
			buildSettings = {
				ALWAYS_SEARCH_USER_PATHS = NO;
				ASSETCATALOG_COMPILER_GENERATE_SWIFT_ASSET_SYMBOL_EXTENSIONS = YES;
				CLANG_ANALYZER_NONNULL = YES;
				CLANG_ANALYZER_NUMBER_OBJECT_CONVERSION = YES_AGGRESSIVE;
				CLANG_CXX_LANGUAGE_STANDARD = "gnu++20";
				CLANG_ENABLE_MODULES = YES;
				CLANG_ENABLE_OBJC_ARC = YES;
				CLANG_ENABLE_OBJC_WEAK = YES;
				CLANG_WARN_BLOCK_CAPTURE_AUTORELEASING = YES;
				CLANG_WARN_BOOL_CONVERSION = YES;
				CLANG_WARN_COMMA = YES;
				CLANG_WARN_CONSTANT_CONVERSION = YES;
				CLANG_WARN_DEPRECATED_OBJC_IMPLEMENTATIONS = YES;
				CLANG_WARN_DIRECT_OBJC_ISA_USAGE = YES_ERROR;
				CLANG_WARN_DOCUMENTATION_COMMENTS = YES;
				CLANG_WARN_EMPTY_BODY = YES;
				CLANG_WARN_ENUM_CONVERSION = YES;
				CLANG_WARN_INFINITE_RECURSION = YES;
				CLANG_WARN_INT_CONVERSION = YES;
				CLANG_WARN_NON_LITERAL_NULL_CONVERSION = YES;
				CLANG_WARN_OBJC_IMPLICIT_RETAIN_SELF = YES;
				CLANG_WARN_OBJC_LITERAL_CONVERSION = YES;
				CLANG_WARN_OBJC_ROOT_CLASS = YES_ERROR;
				CLANG_WARN_QUOTED_INCLUDE_IN_FRAMEWORK_HEADER = YES;
				CLANG_WARN_RANGE_LOOP_ANALYSIS = YES;
				CLANG_WARN_STRICT_PROTOTYPES = YES;
				CLANG_WARN_SUSPICIOUS_MOVE = YES;
				CLANG_WARN_UNGUARDED_AVAILABILITY = YES_AGGRESSIVE;
				CLANG_WARN_UNREACHABLE_CODE = YES;
				CLANG_WARN__DUPLICATE_METHOD_MATCH = YES;
				COPY_PHASE_STRIP = NO;
				DEBUG_INFORMATION_FORMAT = dwarf;
				DEVELOPMENT_TEAM = FV5M76HD5M;
				ENABLE_STRICT_OBJC_MSGSEND = YES;
				ENABLE_TESTABILITY = YES;
				ENABLE_USER_SCRIPT_SANDBOXING = YES;
				GCC_C_LANGUAGE_STANDARD = gnu17;
				GCC_DYNAMIC_NO_PIC = NO;
				GCC_NO_COMMON_BLOCKS = YES;
				GCC_OPTIMIZATION_LEVEL = 0;
				GCC_PREPROCESSOR_DEFINITIONS = (
					"DEBUG=1",
					"$(inherited)",
				);
				GCC_WARN_64_TO_32_BIT_CONVERSION = YES;
				GCC_WARN_ABOUT_RETURN_TYPE = YES_ERROR;
				GCC_WARN_UNDECLARED_SELECTOR = YES;
				GCC_WARN_UNINITIALIZED_AUTOS = YES_AGGRESSIVE;
				GCC_WARN_UNUSED_FUNCTION = YES;
				GCC_WARN_UNUSED_VARIABLE = YES;
				IPHONEOS_DEPLOYMENT_TARGET = 26.0;
				LOCALIZATION_PREFERS_STRING_CATALOGS = YES;
				MTL_ENABLE_DEBUG_INFO = INCLUDE_SOURCE;
				MTL_FAST_MATH = YES;
				ONLY_ACTIVE_ARCH = YES;
				SDKROOT = iphoneos;
				SWIFT_ACTIVE_COMPILATION_CONDITIONS = "DEBUG $(inherited)";
				SWIFT_OPTIMIZATION_LEVEL = "-Onone";
			};
			name = Debug;
		};
		9140FDD42E9BBEA900152B79 /* Release */ = {
			isa = XCBuildConfiguration;
			buildSettings = {
				ALWAYS_SEARCH_USER_PATHS = NO;
				ASSETCATALOG_COMPILER_GENERATE_SWIFT_ASSET_SYMBOL_EXTENSIONS = YES;
				CLANG_ANALYZER_NONNULL = YES;
				CLANG_ANALYZER_NUMBER_OBJECT_CONVERSION = YES_AGGRESSIVE;
				CLANG_CXX_LANGUAGE_STANDARD = "gnu++20";
				CLANG_ENABLE_MODULES = YES;
				CLANG_ENABLE_OBJC_ARC = YES;
				CLANG_ENABLE_OBJC_WEAK = YES;
				CLANG_WARN_BLOCK_CAPTURE_AUTORELEASING = YES;
				CLANG_WARN_BOOL_CONVERSION = YES;
				CLANG_WARN_COMMA = YES;
				CLANG_WARN_CONSTANT_CONVERSION = YES;
				CLANG_WARN_DEPRECATED_OBJC_IMPLEMENTATIONS = YES;
				CLANG_WARN_DIRECT_OBJC_ISA_USAGE = YES_ERROR;
				CLANG_WARN_DOCUMENTATION_COMMENTS = YES;
				CLANG_WARN_EMPTY_BODY = YES;
				CLANG_WARN_ENUM_CONVERSION = YES;
				CLANG_WARN_INFINITE_RECURSION = YES;
				CLANG_WARN_INT_CONVERSION = YES;
				CLANG_WARN_NON_LITERAL_NULL_CONVERSION = YES;
				CLANG_WARN_OBJC_IMPLICIT_RETAIN_SELF = YES;
				CLANG_WARN_OBJC_LITERAL_CONVERSION = YES;
				CLANG_WARN_OBJC_ROOT_CLASS = YES_ERROR;
				CLANG_WARN_QUOTED_INCLUDE_IN_FRAMEWORK_HEADER = YES;
				CLANG_WARN_RANGE_LOOP_ANALYSIS = YES;
				CLANG_WARN_STRICT_PROTOTYPES = YES;
				CLANG_WARN_SUSPICIOUS_MOVE = YES;
				CLANG_WARN_UNGUARDED_AVAILABILITY = YES_AGGRESSIVE;
				CLANG_WARN_UNREACHABLE_CODE = YES;
				CLANG_WARN__DUPLICATE_METHOD_MATCH = YES;
				COPY_PHASE_STRIP = NO;
				DEBUG_INFORMATION_FORMAT = "dwarf-with-dsym";
				DEVELOPMENT_TEAM = FV5M76HD5M;
				ENABLE_NS_ASSERTIONS = NO;
				ENABLE_STRICT_OBJC_MSGSEND = YES;
				ENABLE_USER_SCRIPT_SANDBOXING = YES;
				GCC_C_LANGUAGE_STANDARD = gnu17;
				GCC_NO_COMMON_BLOCKS = YES;
				GCC_WARN_64_TO_32_BIT_CONVERSION = YES;
				GCC_WARN_ABOUT_RETURN_TYPE = YES_ERROR;
				GCC_WARN_UNDECLARED_SELECTOR = YES;
				GCC_WARN_UNINITIALIZED_AUTOS = YES_AGGRESSIVE;
				GCC_WARN_UNUSED_FUNCTION = YES;
				GCC_WARN_UNUSED_VARIABLE = YES;
				IPHONEOS_DEPLOYMENT_TARGET = 26.0;
				LOCALIZATION_PREFERS_STRING_CATALOGS = YES;
				MTL_ENABLE_DEBUG_INFO = NO;
				MTL_FAST_MATH = YES;
				SDKROOT = iphoneos;
				SWIFT_COMPILATION_MODE = wholemodule;
				VALIDATE_PRODUCT = YES;
			};
			name = Release;
		};
		9140FDD62E9BBEA900152B79 /* Debug */ = {
			isa = XCBuildConfiguration;
			buildSettings = {
				ASSETCATALOG_COMPILER_APPICON_NAME = AppIcon;
				ASSETCATALOG_COMPILER_GLOBAL_ACCENT_COLOR_NAME = AccentColor;
				CODE_SIGN_STYLE = Automatic;
				CURRENT_PROJECT_VERSION = 1;
				DEVELOPMENT_TEAM = FV5M76HD5M;
				ENABLE_PREVIEWS = YES;
				GENERATE_INFOPLIST_FILE = YES;
				INFOPLIST_KEY_UIApplicationSceneManifest_Generation = YES;
				INFOPLIST_KEY_UIApplicationSupportsIndirectInputEvents = YES;
				INFOPLIST_KEY_UILaunchScreen_Generation = YES;
				INFOPLIST_KEY_UISupportedInterfaceOrientations_iPad = "UIInterfaceOrientationPortrait UIInterfaceOrientationPortraitUpsideDown UIInterfaceOrientationLandscapeLeft UIInterfaceOrientationLandscapeRight";
				INFOPLIST_KEY_UISupportedInterfaceOrientations_iPhone = "UIInterfaceOrientationPortrait UIInterfaceOrientationLandscapeLeft UIInterfaceOrientationLandscapeRight";
				LD_RUNPATH_SEARCH_PATHS = (
					"$(inherited)",
					"@executable_path/Frameworks",
				);
				MARKETING_VERSION = 1.0;
				PRODUCT_BUNDLE_IDENTIFIER = ketamine.production.TrackerSwiftUI;
				PRODUCT_NAME = "$(TARGET_NAME)";
				STRING_CATALOG_GENERATE_SYMBOLS = YES;
				SWIFT_APPROACHABLE_CONCURRENCY = YES;
				SWIFT_DEFAULT_ACTOR_ISOLATION = MainActor;
				SWIFT_EMIT_LOC_STRINGS = YES;
				SWIFT_UPCOMING_FEATURE_MEMBER_IMPORT_VISIBILITY = YES;
				SWIFT_VERSION = 5.0;
				TARGETED_DEVICE_FAMILY = "1,2";
			};
			name = Debug;
		};
		9140FDD72E9BBEA900152B79 /* Release */ = {
			isa = XCBuildConfiguration;
			buildSettings = {
				ASSETCATALOG_COMPILER_APPICON_NAME = AppIcon;
				ASSETCATALOG_COMPILER_GLOBAL_ACCENT_COLOR_NAME = AccentColor;
				CODE_SIGN_STYLE = Automatic;
				CURRENT_PROJECT_VERSION = 1;
				DEVELOPMENT_TEAM = FV5M76HD5M;
				ENABLE_PREVIEWS = YES;
				GENERATE_INFOPLIST_FILE = YES;
				INFOPLIST_KEY_UIApplicationSceneManifest_Generation = YES;
				INFOPLIST_KEY_UIApplicationSupportsIndirectInputEvents = YES;
				INFOPLIST_KEY_UILaunchScreen_Generation = YES;
				INFOPLIST_KEY_UISupportedInterfaceOrientations_iPad = "UIInterfaceOrientationPortrait UIInterfaceOrientationPortraitUpsideDown UIInterfaceOrientationLandscapeLeft UIInterfaceOrientationLandscapeRight";
				INFOPLIST_KEY_UISupportedInterfaceOrientations_iPhone = "UIInterfaceOrientationPortrait UIInterfaceOrientationLandscapeLeft UIInterfaceOrientationLandscapeRight";
				LD_RUNPATH_SEARCH_PATHS = (
					"$(inherited)",
					"@executable_path/Frameworks",
				);
				MARKETING_VERSION = 1.0;
				PRODUCT_BUNDLE_IDENTIFIER = ketamine.production.TrackerSwiftUI;
				PRODUCT_NAME = "$(TARGET_NAME)";
				STRING_CATALOG_GENERATE_SYMBOLS = YES;
				SWIFT_APPROACHABLE_CONCURRENCY = YES;
				SWIFT_DEFAULT_ACTOR_ISOLATION = MainActor;
				SWIFT_EMIT_LOC_STRINGS = YES;
				SWIFT_UPCOMING_FEATURE_MEMBER_IMPORT_VISIBILITY = YES;
				SWIFT_VERSION = 5.0;
				TARGETED_DEVICE_FAMILY = "1,2";
			};
			name = Release;
		};
/* End XCBuildConfiguration section */

/* Begin XCConfigurationList section */
		9140FDC52E9BBEA800152B79 /* Build configuration list for PBXProject "TrackerSwiftUI" */ = {
			isa = XCConfigurationList;
			buildConfigurations = (
				9140FDD32E9BBEA900152B79 /* Debug */,
				9140FDD42E9BBEA900152B79 /* Release */,
			);
			defaultConfigurationIsVisible = 0;
			defaultConfigurationName = Release;
		};
		9140FDD52E9BBEA900152B79 /* Build configuration list for PBXNativeTarget "TrackerSwiftUI" */ = {
			isa = XCConfigurationList;
			buildConfigurations = (
				9140FDD62E9BBEA900152B79 /* Debug */,
				9140FDD72E9BBEA900152B79 /* Release */,
			);
			defaultConfigurationIsVisible = 0;
			defaultConfigurationName = Release;
		};
/* End XCConfigurationList section */
	};
	rootObject = 9140FDC22E9BBEA800152B79 /* Project object */;
}
